<?xml version="1.0" encoding="utf-8"?>
<Project ToolsVersion="4.0" xmlns="http://schemas.microsoft.com/developer/msbuild/2003">
  <ItemGroup>
    <Filter Include="00.Process">
      <UniqueIdentifier>{e0a0a9e5-c02f-47e8-85e3-dea02cac9412}</UniqueIdentifier>
    </Filter>
    <Filter Include="00.Process\00.Header">
      <UniqueIdentifier>{2055584f-6c26-4809-a561-072fdf72ae67}</UniqueIdentifier>
    </Filter>
    <Filter Include="00.Process\01.Core">
      <UniqueIdentifier>{7255c0d4-d962-4df5-aa4d-1db364e91215}</UniqueIdentifier>
    </Filter>
    <Filter Include="01.Scene">
      <UniqueIdentifier>{eaf4af4f-1701-4668-aed5-d4eb0406f084}</UniqueIdentifier>
    </Filter>
    <Filter Include="01.Scene\00.RenderScene">
      <UniqueIdentifier>{6d031e4b-218c-41f7-8348-d3c7006413d2}</UniqueIdentifier>
    </Filter>
    <Filter Include="01.Scene\01.MathScene">
      <UniqueIdentifier>{bca58232-986c-42b6-9dbe-f9ef3a3cb5fc}</UniqueIdentifier>
    </Filter>
    <Filter Include="01.Scene\00.RenderScene\00.Actor">
      <UniqueIdentifier>{0ed88ab8-5d39-40e3-8cc3-0343301d4d89}</UniqueIdentifier>
    </Filter>
    <Filter Include="01.Scene\00.RenderScene\00.Actor\00.TestActor">
      <UniqueIdentifier>{a3adec1c-0ffd-4c1a-bfbe-261c9627263a}</UniqueIdentifier>
    </Filter>
    <Filter Include="01.Scene\00.RenderScene\00.Actor\00.TestActor\Cube">
      <UniqueIdentifier>{ec6e2106-a37a-4d4d-a867-57fb8bc3b62b}</UniqueIdentifier>
    </Filter>
    <Filter Include="01.Scene\00.RenderScene\00.Actor\00.TestActor\Cylinder">
      <UniqueIdentifier>{51b11362-76ec-429e-92f7-adb762101430}</UniqueIdentifier>
    </Filter>
    <Filter Include="01.Scene\00.RenderScene\00.Actor\00.TestActor\Sphere">
      <UniqueIdentifier>{abace78d-6174-4dfc-883e-4f736226e6ef}</UniqueIdentifier>
    </Filter>
    <Filter Include="01.Scene\00.RenderScene\00.Actor\00.TestActor\Rect">
      <UniqueIdentifier>{f87af132-e987-4c75-b468-94490e075c6e}</UniqueIdentifier>
    </Filter>
    <Filter Include="01.Scene\00.RenderScene\00.Actor\00.TestActor\Mesh">
      <UniqueIdentifier>{63e2924d-b9df-4c93-b377-296c0c0ede60}</UniqueIdentifier>
    </Filter>
    <Filter Include="00.Process\02.GUI">
      <UniqueIdentifier>{73bd4804-ee38-4cd6-bd55-20159ee54df3}</UniqueIdentifier>
    </Filter>
    <Filter Include="01.Scene\01.MathScene\00.Actor">
      <UniqueIdentifier>{e08d9da0-9512-4a4b-8421-217b8d26f92b}</UniqueIdentifier>
    </Filter>
    <Filter Include="01.Scene\00.RenderScene\00.Actor\01.Env">
      <UniqueIdentifier>{eaa9c4df-2848-4323-b1bb-cb4c34eb4a25}</UniqueIdentifier>
    </Filter>
  </ItemGroup>
  <ItemGroup>
    <ClCompile Include="Contents_Core.cpp">
      <Filter>00.Process\01.Core</Filter>
    </ClCompile>
    <ClCompile Include="PrecompileHeader.cpp">
      <Filter>00.Process\00.Header</Filter>
    </ClCompile>
    <ClCompile Include="TestPlatform.cpp">
      <Filter>01.Scene\00.RenderScene\00.Actor\01.Env</Filter>
    </ClCompile>
    <ClCompile Include="CubeActor.cpp">
      <Filter>01.Scene\00.RenderScene\00.Actor\00.TestActor\Cube</Filter>
    </ClCompile>
    <ClCompile Include="CylinderActor.cpp">
      <Filter>01.Scene\00.RenderScene\00.Actor\00.TestActor\Cylinder</Filter>
    </ClCompile>
    <ClCompile Include="RectActor.cpp">
      <Filter>01.Scene\00.RenderScene\00.Actor\00.TestActor\Rect</Filter>
    </ClCompile>
    <ClCompile Include="SphereActor.cpp">
      <Filter>01.Scene\00.RenderScene\00.Actor\00.TestActor\Sphere</Filter>
    </ClCompile>
    <ClCompile Include="StaticMeshActor.cpp">
      <Filter>01.Scene\00.RenderScene\00.Actor\00.TestActor\Mesh</Filter>
    </ClCompile>
    <ClCompile Include="StoneWallActor.cpp">
      <Filter>01.Scene\00.RenderScene\00.Actor\01.Env</Filter>
    </ClCompile>
    <ClCompile Include="RenderScene.cpp">
      <Filter>01.Scene\00.RenderScene</Filter>
    </ClCompile>
    <ClCompile Include="MathScene.cpp">
      <Filter>01.Scene\01.MathScene</Filter>
    </ClCompile>
    <ClCompile Include="InformationGUI.cpp">
      <Filter>00.Process\02.GUI</Filter>
    </ClCompile>
    <ClCompile Include="Character.cpp">
      <Filter>01.Scene\00.RenderScene\00.Actor</Filter>
    </ClCompile>
    <ClCompile Include="BoxActor.cpp">
      <Filter>01.Scene\01.MathScene\00.Actor</Filter>
    </ClCompile>
  </ItemGroup>
  <ItemGroup>
    <ClInclude Include="Contents_Core.h">
      <Filter>00.Process\01.Core</Filter>
    </ClInclude>
    <ClInclude Include="PrecompileHeader.h">
      <Filter>00.Process\00.Header</Filter>
    </ClInclude>
    <ClInclude Include="TestPlatform.h">
      <Filter>01.Scene\00.RenderScene\00.Actor\01.Env</Filter>
    </ClInclude>
    <ClInclude Include="CubeActor.h">
      <Filter>01.Scene\00.RenderScene\00.Actor\00.TestActor\Cube</Filter>
    </ClInclude>
    <ClInclude Include="CylinderActor.h">
      <Filter>01.Scene\00.RenderScene\00.Actor\00.TestActor\Cylinder</Filter>
    </ClInclude>
    <ClInclude Include="RectActor.h">
      <Filter>01.Scene\00.RenderScene\00.Actor\00.TestActor\Rect</Filter>
    </ClInclude>
    <ClInclude Include="SphereActor.h">
      <Filter>01.Scene\00.RenderScene\00.Actor\00.TestActor\Sphere</Filter>
    </ClInclude>
    <ClInclude Include="StaticMeshActor.h">
      <Filter>01.Scene\00.RenderScene\00.Actor\00.TestActor\Mesh</Filter>
    </ClInclude>
    <ClInclude Include="StoneWallActor.h">
      <Filter>01.Scene\00.RenderScene\00.Actor\01.Env</Filter>
    </ClInclude>
    <ClInclude Include="RenderScene.h">
      <Filter>01.Scene\00.RenderScene</Filter>
    </ClInclude>
    <ClInclude Include="MathScene.h">
      <Filter>01.Scene\01.MathScene</Filter>
    </ClInclude>
    <ClInclude Include="InformationGUI.h">
      <Filter>00.Process\02.GUI</Filter>
    </ClInclude>
    <ClInclude Include="Character.h">
      <Filter>01.Scene\00.RenderScene\00.Actor</Filter>
    </ClInclude>
    <ClInclude Include="BoxActor.h">
      <Filter>01.Scene\01.MathScene\00.Actor</Filter>
    </ClInclude>
  </ItemGroup>
</Project>