<?xml version="1.0" encoding="utf-8"?>
<Project ToolsVersion="4.0" xmlns="http://schemas.microsoft.com/developer/msbuild/2003">
  <ItemGroup>
    <ClCompile Include="Ext_DirectXDevice.cpp">
      <Filter>03.DirectX\01.Device</Filter>
    </ClCompile>
    <ClCompile Include="Ext_DirectXTexture.cpp">
      <Filter>03.DirectX\02.Resource\00.Texture&amp;View</Filter>
    </ClCompile>
    <ClCompile Include="Ext_DirectXRenderTarget.cpp">
      <Filter>03.DirectX\02.Resource\00.Texture&amp;View</Filter>
    </ClCompile>
    <ClCompile Include="Ext_Core.cpp">
      <Filter>00.Process\01.Core</Filter>
    </ClCompile>
    <ClCompile Include="Ext_DirectXResourceLoader.cpp">
      <Filter>03.DirectX\00.Management</Filter>
    </ClCompile>
    <ClCompile Include="Ext_DirectXSampler.cpp">
      <Filter>03.DirectX\02.Resource\04.Sampler</Filter>
    </ClCompile>
    <ClCompile Include="Ext_DirectXBlend.cpp">
      <Filter>03.DirectX\02.Resource\05.Blend</Filter>
    </ClCompile>
    <ClCompile Include="Ext_DirectXDepth.cpp">
      <Filter>03.DirectX\02.Resource\06.Depth</Filter>
    </ClCompile>
    <ClCompile Include="Ext_DirectXRasterizer.cpp">
      <Filter>03.DirectX\02.Resource\07.Rasterizer</Filter>
    </ClCompile>
    <ClCompile Include="Ext_DirectXMaterial.cpp">
      <Filter>03.DirectX\02.Resource\08.Material</Filter>
    </ClCompile>
    <ClCompile Include="Ext_Transform.cpp">
      <Filter>01.Object\03.Transform</Filter>
    </ClCompile>
    <ClCompile Include="Ext_DirectXConstantBuffer.cpp">
      <Filter>03.DirectX\02.Resource\02.Constant</Filter>
    </ClCompile>
    <ClCompile Include="Ext_DirectXVertexData.cpp">
      <Filter>03.DirectX\02.Resource\01.Vertex\00.VertexData</Filter>
    </ClCompile>
    <ClCompile Include="Ext_DirectXIndexBuffer.cpp">
      <Filter>03.DirectX\02.Resource\01.Vertex\01.Buffer</Filter>
    </ClCompile>
    <ClCompile Include="Ext_DirectXVertexBuffer.cpp">
      <Filter>03.DirectX\02.Resource\01.Vertex\01.Buffer</Filter>
    </ClCompile>
    <ClCompile Include="Ext_DirectXShader.cpp">
      <Filter>03.DirectX\02.Resource\03.Shader\00.Shader</Filter>
    </ClCompile>
    <ClCompile Include="Ext_Camera.cpp">
      <Filter>01.Object\02.Actor\00.Camera</Filter>
    </ClCompile>
    <ClCompile Include="Ext_Scene.cpp">
      <Filter>01.Object\01.Scene</Filter>
    </ClCompile>
    <ClCompile Include="Ext_DirectXVertexShader.cpp">
      <Filter>03.DirectX\02.Resource\03.Shader\00.Shader</Filter>
    </ClCompile>
    <ClCompile Include="Ext_DirectXPixelShader.cpp">
      <Filter>03.DirectX\02.Resource\03.Shader\00.Shader</Filter>
    </ClCompile>
    <ClCompile Include="Ext_DirectXComputeShader.cpp">
      <Filter>03.DirectX\02.Resource\03.Shader\00.Shader</Filter>
    </ClCompile>
    <ClCompile Include="Ext_DirectXMesh.cpp">
      <Filter>03.DirectX\02.Resource\08.Material</Filter>
    </ClCompile>
    <ClCompile Include="Ext_DirectXInputLayout.cpp">
      <Filter>03.DirectX\02.Resource\01.Vertex\00.VertexData</Filter>
    </ClCompile>
    <ClCompile Include="Ext_DirectXBufferSetter.cpp">
      <Filter>03.DirectX\02.Resource\03.Shader\01.Buffer</Filter>
    </ClCompile>
    <ClCompile Include="imgui.cpp">
      <Filter>05.ThridParty\00.Imgui\Source</Filter>
    </ClCompile>
    <ClCompile Include="imgui_demo.cpp">
      <Filter>05.ThridParty\00.Imgui\Source</Filter>
    </ClCompile>
    <ClCompile Include="imgui_draw.cpp">
      <Filter>05.ThridParty\00.Imgui\Source</Filter>
    </ClCompile>
    <ClCompile Include="imgui_impl_dx11.cpp">
      <Filter>05.ThridParty\00.Imgui\Source</Filter>
    </ClCompile>
    <ClCompile Include="imgui_impl_win32.cpp">
      <Filter>05.ThridParty\00.Imgui\Source</Filter>
    </ClCompile>
    <ClCompile Include="imgui_tables.cpp">
      <Filter>05.ThridParty\00.Imgui\Source</Filter>
    </ClCompile>
    <ClCompile Include="imgui_widgets.cpp">
      <Filter>05.ThridParty\00.Imgui\Source</Filter>
    </ClCompile>
    <ClCompile Include="Ext_Imgui.cpp">
      <Filter>01.Object\04.Imgui</Filter>
    </ClCompile>
    <ClCompile Include="ExtGui.cpp">
      <Filter>01.Object\04.Imgui</Filter>
    </ClCompile>
    <ClCompile Include="Ext_Light.cpp">
      <Filter>04.Graphics\00.Light</Filter>
    </ClCompile>
    <ClCompile Include="PrecompileHeader.cpp">
      <Filter>00.Process\00.Header</Filter>
    </ClCompile>
    <ClCompile Include="Ext_ResourceManager.cpp">
      <Filter>03.DirectX\00.Management</Filter>
    </ClCompile>
    <ClCompile Include="Ext_MeshLoader.cpp">
      <Filter>00.Process\02.Loader</Filter>
    </ClCompile>
    <ClCompile Include="Ext_Actor.cpp">
      <Filter>01.Object\02.Actor\00.Base</Filter>
    </ClCompile>
    <ClCompile Include="Ext_Object.cpp">
      <Filter>01.Object\00.Base</Filter>
    </ClCompile>
    <ClCompile Include="Ext_Component.cpp">
      <Filter>01.Object\03.Component\00.Base</Filter>
    </ClCompile>
    <ClCompile Include="Ext_MeshComponent.cpp">
      <Filter>01.Object\03.Component\01.Mesh\00.Base</Filter>
    </ClCompile>
    <ClCompile Include="Ext_MeshComponentUnit.cpp">
      <Filter>01.Object\03.Component\01.Mesh\00.Base</Filter>
    </ClCompile>
    <ClCompile Include="Ext_DynamicMeshComponent.cpp">
      <Filter>01.Object\03.Component\01.Mesh\01.FBX</Filter>
    </ClCompile>
    <ClCompile Include="Ext_Animator.cpp">
      <Filter>01.Object\03.Component\01.Mesh\01.FBX</Filter>
    </ClCompile>
    <ClCompile Include="Ext_FSM.cpp">
      <Filter>00.Process\03.Pattern</Filter>
    </ClCompile>
    <ClCompile Include="Ext_CollisionComponent.cpp">
      <Filter>01.Object\03.Component\02.Collision</Filter>
    </ClCompile>
  </ItemGroup>
  <ItemGroup>
    <ClInclude Include="Ext_DirectXDevice.h">
      <Filter>03.DirectX\01.Device</Filter>
    </ClInclude>
    <ClInclude Include="Ext_DirectXTexture.h">
      <Filter>03.DirectX\02.Resource\00.Texture&amp;View</Filter>
    </ClInclude>
    <ClInclude Include="Ext_DirectXRenderTarget.h">
      <Filter>03.DirectX\02.Resource\00.Texture&amp;View</Filter>
    </ClInclude>
    <ClInclude Include="Ext_Core.h">
      <Filter>00.Process\01.Core</Filter>
    </ClInclude>
    <ClInclude Include="Ext_DirectXResourceLoader.h">
      <Filter>03.DirectX\00.Management</Filter>
    </ClInclude>
    <ClInclude Include="Ext_DirectXSampler.h">
      <Filter>03.DirectX\02.Resource\04.Sampler</Filter>
    </ClInclude>
    <ClInclude Include="Ext_DirectXBlend.h">
      <Filter>03.DirectX\02.Resource\05.Blend</Filter>
    </ClInclude>
    <ClInclude Include="Ext_DirectXDepth.h">
      <Filter>03.DirectX\02.Resource\06.Depth</Filter>
    </ClInclude>
    <ClInclude Include="Ext_DirectXRasterizer.h">
      <Filter>03.DirectX\02.Resource\07.Rasterizer</Filter>
    </ClInclude>
    <ClInclude Include="Ext_DirectXMaterial.h">
      <Filter>03.DirectX\02.Resource\08.Material</Filter>
    </ClInclude>
    <ClInclude Include="Ext_Transform.h">
      <Filter>01.Object\03.Transform</Filter>
    </ClInclude>
    <ClInclude Include="Ext_DirectXConstantBuffer.h">
      <Filter>03.DirectX\02.Resource\02.Constant</Filter>
    </ClInclude>
    <ClInclude Include="Ext_DirectXVertexData.h">
      <Filter>03.DirectX\02.Resource\01.Vertex\00.VertexData</Filter>
    </ClInclude>
    <ClInclude Include="Ext_DirectXIndexBuffer.h">
      <Filter>03.DirectX\02.Resource\01.Vertex\01.Buffer</Filter>
    </ClInclude>
    <ClInclude Include="Ext_DirectXVertexBuffer.h">
      <Filter>03.DirectX\02.Resource\01.Vertex\01.Buffer</Filter>
    </ClInclude>
    <ClInclude Include="Ext_DirectXShader.h">
      <Filter>03.DirectX\02.Resource\03.Shader\00.Shader</Filter>
    </ClInclude>
    <ClInclude Include="Ext_Camera.h">
      <Filter>01.Object\02.Actor\00.Camera</Filter>
    </ClInclude>
    <ClInclude Include="Ext_Scene.h">
      <Filter>01.Object\01.Scene</Filter>
    </ClInclude>
    <ClInclude Include="Ext_DirectXVertexShader.h">
      <Filter>03.DirectX\02.Resource\03.Shader\00.Shader</Filter>
    </ClInclude>
    <ClInclude Include="Ext_DirectXPixelShader.h">
      <Filter>03.DirectX\02.Resource\03.Shader\00.Shader</Filter>
    </ClInclude>
    <ClInclude Include="Ext_DirectXComputeShader.h">
      <Filter>03.DirectX\02.Resource\03.Shader\00.Shader</Filter>
    </ClInclude>
    <ClInclude Include="Ext_DirectXMesh.h">
      <Filter>03.DirectX\02.Resource\08.Material</Filter>
    </ClInclude>
    <ClInclude Include="Ext_DirectXInputLayout.h">
      <Filter>03.DirectX\02.Resource\01.Vertex\00.VertexData</Filter>
    </ClInclude>
    <ClInclude Include="Ext_DirectXBufferSetter.h">
      <Filter>03.DirectX\02.Resource\03.Shader\01.Buffer</Filter>
    </ClInclude>
    <ClInclude Include="imgui.h">
      <Filter>05.ThridParty\00.Imgui\Source</Filter>
    </ClInclude>
    <ClInclude Include="imgui_impl_dx11.h">
      <Filter>05.ThridParty\00.Imgui\Source</Filter>
    </ClInclude>
    <ClInclude Include="imgui_impl_win32.h">
      <Filter>05.ThridParty\00.Imgui\Source</Filter>
    </ClInclude>
    <ClInclude Include="imgui_internal.h">
      <Filter>05.ThridParty\00.Imgui\Source</Filter>
    </ClInclude>
    <ClInclude Include="imconfig.h">
      <Filter>05.ThridParty\00.Imgui\Source</Filter>
    </ClInclude>
    <ClInclude Include="imstb_textedit.h">
      <Filter>05.ThridParty\00.Imgui\Source</Filter>
    </ClInclude>
    <ClInclude Include="imstb_rectpack.h">
      <Filter>05.ThridParty\00.Imgui\Source</Filter>
    </ClInclude>
    <ClInclude Include="imstb_truetype.h">
      <Filter>05.ThridParty\00.Imgui\Source</Filter>
    </ClInclude>
    <ClInclude Include="Ext_Imgui.h">
      <Filter>01.Object\04.Imgui</Filter>
    </ClInclude>
    <ClInclude Include="ExtGui.h">
      <Filter>01.Object\04.Imgui</Filter>
    </ClInclude>
    <ClInclude Include="Ext_Light.h">
      <Filter>04.Graphics\00.Light</Filter>
    </ClInclude>
    <ClInclude Include="Ext_BaseEnum.h">
      <Filter>00.Process\00.Header</Filter>
    </ClInclude>
    <ClInclude Include="Ext_BaseHeader.h">
      <Filter>00.Process\00.Header</Filter>
    </ClInclude>
    <ClInclude Include="PrecompileHeader.h">
      <Filter>00.Process\00.Header</Filter>
    </ClInclude>
    <ClInclude Include="Ext_ResourceManager.h">
      <Filter>03.DirectX\00.Management</Filter>
    </ClInclude>
    <ClInclude Include="Ext_MeshLoader.h">
      <Filter>00.Process\02.Loader</Filter>
    </ClInclude>
    <ClInclude Include="Ext_Actor.h">
      <Filter>01.Object\02.Actor\00.Base</Filter>
    </ClInclude>
    <ClInclude Include="Ext_Object.h">
      <Filter>01.Object\00.Base</Filter>
    </ClInclude>
    <ClInclude Include="Ext_Component.h">
      <Filter>01.Object\03.Component\00.Base</Filter>
    </ClInclude>
    <ClInclude Include="Ext_MeshComponent.h">
      <Filter>01.Object\03.Component\01.Mesh\00.Base</Filter>
    </ClInclude>
    <ClInclude Include="Ext_MeshComponentUnit.h">
      <Filter>01.Object\03.Component\01.Mesh\00.Base</Filter>
    </ClInclude>
    <ClInclude Include="Ext_DynamicMeshComponent.h">
      <Filter>01.Object\03.Component\01.Mesh\01.FBX</Filter>
    </ClInclude>
    <ClInclude Include="Ext_Animator.h">
      <Filter>01.Object\03.Component\01.Mesh\01.FBX</Filter>
    </ClInclude>
    <ClInclude Include="Ext_FSM.h">
      <Filter>00.Process\03.Pattern</Filter>
    </ClInclude>
    <ClInclude Include="Ext_CollisionComponent.h">
      <Filter>01.Object\03.Component\02.Collision</Filter>
    </ClInclude>
  </ItemGroup>
  <ItemGroup>
    <Filter Include="00.Process">
      <UniqueIdentifier>{95d3a607-fde2-4ae1-86ea-5b40f4f85733}</UniqueIdentifier>
    </Filter>
    <Filter Include="00.Process\00.Header">
      <UniqueIdentifier>{f6893e4b-fafc-4510-8f46-5b3ee3a2e876}</UniqueIdentifier>
    </Filter>
    <Filter Include="00.Process\01.Core">
      <UniqueIdentifier>{989ac411-e285-4e18-be39-743c1cd2580e}</UniqueIdentifier>
    </Filter>
    <Filter Include="01.Object">
      <UniqueIdentifier>{286b5147-238a-4e53-ba15-367384bc8cee}</UniqueIdentifier>
    </Filter>
    <Filter Include="01.Object\03.Transform">
      <UniqueIdentifier>{dc03775a-d1c2-4f90-95bd-ee815ab14ed0}</UniqueIdentifier>
    </Filter>
    <Filter Include="01.Object\04.Imgui">
      <UniqueIdentifier>{47a4d5f5-c029-435e-895a-98159f462ae3}</UniqueIdentifier>
    </Filter>
    <Filter Include="02.Management">
      <UniqueIdentifier>{93133d7b-3bd6-43e0-a302-3026282a914d}</UniqueIdentifier>
    </Filter>
    <Filter Include="03.DirectX">
      <UniqueIdentifier>{c25a8a80-0398-40ae-b1ee-98f3e9a79c25}</UniqueIdentifier>
    </Filter>
    <Filter Include="03.DirectX\02.Resource">
      <UniqueIdentifier>{2ceadb03-672a-4f59-85e1-71557e98dc54}</UniqueIdentifier>
    </Filter>
    <Filter Include="03.DirectX\01.Device">
      <UniqueIdentifier>{1140bec2-32c6-4fd9-8f5d-6c4f2c6c6426}</UniqueIdentifier>
    </Filter>
    <Filter Include="04.Graphics">
      <UniqueIdentifier>{377ccec8-5e5b-43b4-9d0c-a0d07fd0c417}</UniqueIdentifier>
    </Filter>
    <Filter Include="04.Graphics\00.Light">
      <UniqueIdentifier>{265ad32f-d4ab-4459-b2c3-8bdc822965fc}</UniqueIdentifier>
    </Filter>
    <Filter Include="04.Graphics\01.Shadow">
      <UniqueIdentifier>{bef21a47-0f58-4567-a770-7f6b54f5a252}</UniqueIdentifier>
    </Filter>
    <Filter Include="05.ThridParty">
      <UniqueIdentifier>{b2e324e0-4915-48aa-8606-22e36517c7d6}</UniqueIdentifier>
    </Filter>
    <Filter Include="05.ThridParty\01.DirectXTK">
      <UniqueIdentifier>{f7b16209-c780-4e1c-a93d-96fcda1d1915}</UniqueIdentifier>
    </Filter>
    <Filter Include="05.ThridParty\00.Imgui">
      <UniqueIdentifier>{7f6f07b8-01f9-4d96-b775-53d80b74a32b}</UniqueIdentifier>
    </Filter>
    <Filter Include="05.ThridParty\00.Imgui\Source">
      <UniqueIdentifier>{421babfa-83d2-44b4-859b-b73861ae2a4e}</UniqueIdentifier>
    </Filter>
    <Filter Include="05.ThridParty\03.assimp">
      <UniqueIdentifier>{4400b644-85dd-4919-b3ce-e041daa70141}</UniqueIdentifier>
    </Filter>
    <Filter Include="03.DirectX\00.Management">
      <UniqueIdentifier>{42b31d88-f3ec-4905-a0e5-d4ae90d3b620}</UniqueIdentifier>
    </Filter>
    <Filter Include="00.Process\02.Loader">
      <UniqueIdentifier>{723b925f-c86e-49d6-94d4-65f03ca86d65}</UniqueIdentifier>
    </Filter>
    <Filter Include="03.DirectX\02.Resource\00.Texture&amp;View">
      <UniqueIdentifier>{876cba7e-de67-434f-9c8f-1987e56c41bd}</UniqueIdentifier>
    </Filter>
    <Filter Include="03.DirectX\02.Resource\01.Vertex">
      <UniqueIdentifier>{159b1534-c789-419e-8cd1-86fac72cbfd9}</UniqueIdentifier>
    </Filter>
    <Filter Include="03.DirectX\02.Resource\01.Vertex\01.Buffer">
      <UniqueIdentifier>{dbe032c0-1f6f-4249-963a-27e7020050c3}</UniqueIdentifier>
    </Filter>
    <Filter Include="03.DirectX\02.Resource\01.Vertex\00.VertexData">
      <UniqueIdentifier>{2a9ca916-dde8-45cb-aeb5-fc077101b346}</UniqueIdentifier>
    </Filter>
    <Filter Include="03.DirectX\02.Resource\02.Constant">
      <UniqueIdentifier>{75674812-3180-4e75-8932-8d0170f11555}</UniqueIdentifier>
    </Filter>
    <Filter Include="03.DirectX\02.Resource\03.Shader">
      <UniqueIdentifier>{83accf1d-4925-4dae-bdc8-13abbdeea680}</UniqueIdentifier>
    </Filter>
    <Filter Include="03.DirectX\02.Resource\03.Shader\00.Shader">
      <UniqueIdentifier>{891486e7-c158-4e05-b30d-f368bec04171}</UniqueIdentifier>
    </Filter>
    <Filter Include="03.DirectX\02.Resource\03.Shader\01.Buffer">
      <UniqueIdentifier>{460dc544-60ce-45a8-87d4-f00180d20490}</UniqueIdentifier>
    </Filter>
    <Filter Include="03.DirectX\02.Resource\04.Sampler">
      <UniqueIdentifier>{79ece089-1cf7-471c-9f9c-26406e093638}</UniqueIdentifier>
    </Filter>
    <Filter Include="03.DirectX\02.Resource\05.Blend">
      <UniqueIdentifier>{ffae5058-980e-486c-aebd-29e51d3d3a4c}</UniqueIdentifier>
    </Filter>
    <Filter Include="03.DirectX\02.Resource\06.Depth">
      <UniqueIdentifier>{c9ec14ed-b6fe-41f0-a4d8-0e525ff176c8}</UniqueIdentifier>
    </Filter>
    <Filter Include="03.DirectX\02.Resource\07.Rasterizer">
      <UniqueIdentifier>{1f41fdb7-b57c-4526-b9d4-20d47b8ef0e9}</UniqueIdentifier>
    </Filter>
    <Filter Include="03.DirectX\02.Resource\08.Material">
      <UniqueIdentifier>{dda38edc-c0a9-4279-a0ac-f41cbaa415fd}</UniqueIdentifier>
    </Filter>
    <Filter Include="01.Object\00.Base">
      <UniqueIdentifier>{eba9b065-f49e-4596-aaa2-debf803b7814}</UniqueIdentifier>
    </Filter>
    <Filter Include="01.Object\02.Actor">
      <UniqueIdentifier>{04cb66e1-b185-4ac6-ad2a-efcc7a9d025c}</UniqueIdentifier>
    </Filter>
    <Filter Include="01.Object\02.Actor\00.Camera">
      <UniqueIdentifier>{15b6ef15-3165-43d4-8d83-186aab86e2ee}</UniqueIdentifier>
    </Filter>
    <Filter Include="01.Object\02.Actor\00.Base">
      <UniqueIdentifier>{e3fe906c-2ee0-46ee-9cd0-a65c77fcbd07}</UniqueIdentifier>
    </Filter>
    <Filter Include="01.Object\03.Component">
      <UniqueIdentifier>{d5081122-4ef2-4589-9885-d4c4816bef88}</UniqueIdentifier>
    </Filter>
    <Filter Include="01.Object\03.Component\00.Base">
      <UniqueIdentifier>{6a60b4cd-feac-42b9-82c9-4850c92a2cb0}</UniqueIdentifier>
    </Filter>
    <Filter Include="01.Object\03.Component\01.Mesh">
      <UniqueIdentifier>{bf71c5b7-49bc-4be3-9dd3-b1ef55508208}</UniqueIdentifier>
    </Filter>
    <Filter Include="01.Object\03.Component\01.Mesh\00.Base">
      <UniqueIdentifier>{046054cb-b47d-40a8-9a18-b7bff551c128}</UniqueIdentifier>
    </Filter>
    <Filter Include="01.Object\03.Component\01.Mesh\01.FBX">
      <UniqueIdentifier>{fb2ec04e-65ec-4f43-bd93-bf67e72e9ed3}</UniqueIdentifier>
    </Filter>
    <Filter Include="01.Object\01.Scene">
      <UniqueIdentifier>{03f935b3-bfa3-463c-a046-b8ae797dad67}</UniqueIdentifier>
    </Filter>
    <Filter Include="00.Process\03.Pattern">
      <UniqueIdentifier>{a0b0f254-c42c-4d90-a5d8-dd35591b20a6}</UniqueIdentifier>
    </Filter>
    <Filter Include="01.Object\03.Component\02.Collision">
      <UniqueIdentifier>{e217fd8a-2900-4a1e-8775-4f19e1729e9e}</UniqueIdentifier>
    </Filter>
  </ItemGroup>
  <ItemGroup>
    <None Include="..\ThirdParty\DirectXTex\lib.zip">
      <Filter>05.ThridParty\01.DirectXTK</Filter>
    </None>
    <None Include="..\ThirdParty\Assimp\lib.zip">
      <Filter>05.ThridParty\03.assimp</Filter>
    </None>
  </ItemGroup>
</Project>