<?xml version="1.0" encoding="utf-8"?>
<Project ToolsVersion="4.0" xmlns="http://schemas.microsoft.com/developer/msbuild/2003">
  <ItemGroup>
    <ClInclude Include="Base_Debug.h">
      <Filter>01.Debug</Filter>
    </ClInclude>
    <ClInclude Include="Base_Windows.h">
      <Filter>03.Platform</Filter>
    </ClInclude>
    <ClInclude Include="Base_Math.h">
      <Filter>02.Math</Filter>
    </ClInclude>
    <ClInclude Include="PrecompileHeader.h">
      <Filter>00.Header\00.PrecompileHeader</Filter>
    </ClInclude>
    <ClInclude Include="Base_Deltatime.h">
      <Filter>05.Event</Filter>
    </ClInclude>
    <ClInclude Include="Base_String.h">
      <Filter>04.String\00.String</Filter>
    </ClInclude>
    <ClInclude Include="Base_Directory.h">
      <Filter>04.String\Path</Filter>
    </ClInclude>
    <ClInclude Include="Base_BaseEnum.h">
      <Filter>00.Header\01.Enum</Filter>
    </ClInclude>
    <ClInclude Include="Base_Input.h">
      <Filter>06. Input</Filter>
    </ClInclude>
  </ItemGroup>
  <ItemGroup>
    <ClCompile Include="Base_Debug.cpp">
      <Filter>01.Debug</Filter>
    </ClCompile>
    <ClCompile Include="Base_Windows.cpp">
      <Filter>03.Platform</Filter>
    </ClCompile>
    <ClCompile Include="Base_Math.cpp">
      <Filter>02.Math</Filter>
    </ClCompile>
    <ClCompile Include="PrecompileHeader.cpp">
      <Filter>00.Header\00.PrecompileHeader</Filter>
    </ClCompile>
    <ClCompile Include="Base_Deltatime.cpp">
      <Filter>05.Event</Filter>
    </ClCompile>
    <ClCompile Include="Base_String.cpp">
      <Filter>04.String\00.String</Filter>
    </ClCompile>
    <ClCompile Include="Base_Directory.cpp">
      <Filter>04.String\Path</Filter>
    </ClCompile>
    <ClCompile Include="Base_Input.cpp">
      <Filter>06. Input</Filter>
    </ClCompile>
  </ItemGroup>
  <ItemGroup>
    <Filter Include="04.String">
      <UniqueIdentifier>{55493ae7-21e0-4931-9afb-640e05b98bb7}</UniqueIdentifier>
    </Filter>
    <Filter Include="01.Debug">
      <UniqueIdentifier>{c4fce596-bbce-4c8d-a8a8-15ff26e13e1d}</UniqueIdentifier>
    </Filter>
    <Filter Include="03.Platform">
      <UniqueIdentifier>{d72a76c4-d6c7-44f9-801c-854fee3a58f8}</UniqueIdentifier>
    </Filter>
    <Filter Include="00.Header">
      <UniqueIdentifier>{351c7f57-00af-4ad3-bb7e-eaa3513693e9}</UniqueIdentifier>
    </Filter>
    <Filter Include="00.Header\00.PrecompileHeader">
      <UniqueIdentifier>{36e25dc9-196f-4f09-924c-b60c51180ba0}</UniqueIdentifier>
    </Filter>
    <Filter Include="00.Header\01.Enum">
      <UniqueIdentifier>{5975bba5-0bba-4fff-93d0-3b33982dd31c}</UniqueIdentifier>
    </Filter>
    <Filter Include="02.Math">
      <UniqueIdentifier>{726ec14b-a9f7-4d74-a47b-a2746737339c}</UniqueIdentifier>
    </Filter>
    <Filter Include="05.Event">
      <UniqueIdentifier>{2b662098-5e49-43dc-ae99-33ba7b4036ca}</UniqueIdentifier>
    </Filter>
    <Filter Include="04.String\00.String">
      <UniqueIdentifier>{53548435-8899-4241-ba71-1c31c06b8c49}</UniqueIdentifier>
    </Filter>
    <Filter Include="04.String\Path">
      <UniqueIdentifier>{869f3d7a-78f6-4ad0-a122-8f161a5fe75c}</UniqueIdentifier>
    </Filter>
    <Filter Include="06. Input">
      <UniqueIdentifier>{f3d7f0ca-c50c-4355-ac01-0d5a3dc8c1c7}</UniqueIdentifier>
    </Filter>
  </ItemGroup>
</Project>